
Microsoft Visual Studio Solution File, Format Version 12.00
# Visual Studio 15
VisualStudioVersion = 15.0.28010.2036
MinimumVisualStudioVersion = 10.0.40219.1
Project("{FAE04EC0-301F-11D3-BF4B-00C04F79EFBC}") = "CalculatorYear", "CalculatorYear\CalculatorYear.csproj", "{EE51C423-C77A-402D-8783-A3641B096EF2}"
EndProject
Global
	GlobalSection(SolutionConfigurationPlatforms) = preSolution
		Debug|Any CPU = Debug|Any CPU
		Release|Any CPU = Release|Any CPU
	EndGlobalSection
	GlobalSection(ProjectConfigurationPlatforms) = postSolution
		{EE51C423-C77A-402D-8783-A3641B096EF2}.Debug|Any CPU.ActiveCfg = Debug|Any CPU
		{EE51C423-C77A-402D-8783-A3641B096EF2}.Debug|Any CPU.Build.0 = Debug|Any CPU
		{EE51C423-C77A-402D-8783-A3641B096EF2}.Release|Any CPU.ActiveCfg = Release|Any CPU
		{EE51C423-C77A-402D-8783-A3641B096EF2}.Release|Any CPU.Build.0 = Release|Any CPU
	EndGlobalSection
	GlobalSection(SolutionProperties) = preSolution
		HideSolutionNode = FALSE
	EndGlobalSection
	GlobalSection(ExtensibilityGlobals) = postSolution
		SolutionGuid = {76EEE6AC-3FA6-4216-86FE-75D0F98E168B}
	EndGlobalSection
EndGlobal
